
Microsoft Visual Studio Solution File, Format Version 12.00
# Visual Studio Version 17
VisualStudioVersion = 17.9.34607.119
MinimumVisualStudioVersion = 10.0.40219.1
Project("{FAE04EC0-301F-11D3-BF4B-00C04F79EFBC}") = "Sheenam.Api", "Sheenam.Api\Sheenam.Api.csproj", "{92573178-D5A4-4AEB-B1D1-2CF028F05003}"
EndProject
Global
	GlobalSection(SolutionConfigurationPlatforms) = preSolution
		Debug|Any CPU = Debug|Any CPU
		Release|Any CPU = Release|Any CPU
	EndGlobalSection
	GlobalSection(ProjectConfigurationPlatforms) = postSolution
		{92573178-D5A4-4AEB-B1D1-2CF028F05003}.Debug|Any CPU.ActiveCfg = Debug|Any CPU
		{92573178-D5A4-4AEB-B1D1-2CF028F05003}.Debug|Any CPU.Build.0 = Debug|Any CPU
		{92573178-D5A4-4AEB-B1D1-2CF028F05003}.Release|Any CPU.ActiveCfg = Release|Any CPU
		{92573178-D5A4-4AEB-B1D1-2CF028F05003}.Release|Any CPU.Build.0 = Release|Any CPU
	EndGlobalSection
	GlobalSection(SolutionProperties) = preSolution
		HideSolutionNode = FALSE
	EndGlobalSection
	GlobalSection(ExtensibilityGlobals) = postSolution
		SolutionGuid = {C8698D5C-6E98-40B2-BC72-FBAB21CF2164}
	EndGlobalSection
EndGlobal
